
Microsoft Visual Studio Solution File, Format Version 12.00
# Visual Studio Version 16
VisualStudioVersion = 16.0.30523.141
MinimumVisualStudioVersion = 10.0.40219.1
Project("{FAE04EC0-301F-11D3-BF4B-00C04F79EFBC}") = "Tagger", "Tagger\Tagger.csproj", "{1E4179C3-42C1-4D90-AE1C-AF5652F7DF4C}"
EndProject
Project("{FAE04EC0-301F-11D3-BF4B-00C04F79EFBC}") = "Domain", "Domain\Domain.csproj", "{7B8A96BA-7844-4FB5-814C-187F921DBC82}"
EndProject
Project("{FAE04EC0-301F-11D3-BF4B-00C04F79EFBC}") = "Application", "Application\Application.csproj", "{CD3041F7-A99C-4E42-9E07-F4B2A5932276}"
EndProject
Project("{FAE04EC0-301F-11D3-BF4B-00C04F79EFBC}") = "Infrastructure", "Infrastructure\Infrastructure.csproj", "{282F986F-580F-41F7-A619-BEC3D81BADCF}"
EndProject
Global
	GlobalSection(SolutionConfigurationPlatforms) = preSolution
		Debug|Any CPU = Debug|Any CPU
		Release|Any CPU = Release|Any CPU
	EndGlobalSection
	GlobalSection(ProjectConfigurationPlatforms) = postSolution
		{1E4179C3-42C1-4D90-AE1C-AF5652F7DF4C}.Debug|Any CPU.ActiveCfg = Debug|Any CPU
		{1E4179C3-42C1-4D90-AE1C-AF5652F7DF4C}.Debug|Any CPU.Build.0 = Debug|Any CPU
		{1E4179C3-42C1-4D90-AE1C-AF5652F7DF4C}.Release|Any CPU.ActiveCfg = Release|Any CPU
		{1E4179C3-42C1-4D90-AE1C-AF5652F7DF4C}.Release|Any CPU.Build.0 = Release|Any CPU
		{7B8A96BA-7844-4FB5-814C-187F921DBC82}.Debug|Any CPU.ActiveCfg = Debug|Any CPU
		{7B8A96BA-7844-4FB5-814C-187F921DBC82}.Debug|Any CPU.Build.0 = Debug|Any CPU
		{7B8A96BA-7844-4FB5-814C-187F921DBC82}.Release|Any CPU.ActiveCfg = Release|Any CPU
		{7B8A96BA-7844-4FB5-814C-187F921DBC82}.Release|Any CPU.Build.0 = Release|Any CPU
		{CD3041F7-A99C-4E42-9E07-F4B2A5932276}.Debug|Any CPU.ActiveCfg = Debug|Any CPU
		{CD3041F7-A99C-4E42-9E07-F4B2A5932276}.Debug|Any CPU.Build.0 = Debug|Any CPU
		{CD3041F7-A99C-4E42-9E07-F4B2A5932276}.Release|Any CPU.ActiveCfg = Release|Any CPU
		{CD3041F7-A99C-4E42-9E07-F4B2A5932276}.Release|Any CPU.Build.0 = Release|Any CPU
		{282F986F-580F-41F7-A619-BEC3D81BADCF}.Debug|Any CPU.ActiveCfg = Debug|Any CPU
		{282F986F-580F-41F7-A619-BEC3D81BADCF}.Debug|Any CPU.Build.0 = Debug|Any CPU
		{282F986F-580F-41F7-A619-BEC3D81BADCF}.Release|Any CPU.ActiveCfg = Release|Any CPU
		{282F986F-580F-41F7-A619-BEC3D81BADCF}.Release|Any CPU.Build.0 = Release|Any CPU
	EndGlobalSection
	GlobalSection(SolutionProperties) = preSolution
		HideSolutionNode = FALSE
	EndGlobalSection
	GlobalSection(ExtensibilityGlobals) = postSolution
		SolutionGuid = {2B9480EE-8D94-4A8B-9018-2A3F6C2032A6}
	EndGlobalSection
EndGlobal
